
Microsoft Visual Studio Solution File, Format Version 12.00
# Visual Studio Version 17
VisualStudioVersion = 17.7.34018.315
MinimumVisualStudioVersion = 10.0.40219.1
Project("{FAE04EC0-301F-11D3-BF4B-00C04F79EFBC}") = "Uppgift-TryParse", "Uppgift-TryParse\Uppgift-TryParse.csproj", "{80B720E4-D807-49F1-B251-23165165D54B}"
EndProject
Global
	GlobalSection(SolutionConfigurationPlatforms) = preSolution
		Debug|Any CPU = Debug|Any CPU
		Release|Any CPU = Release|Any CPU
	EndGlobalSection
	GlobalSection(ProjectConfigurationPlatforms) = postSolution
		{80B720E4-D807-49F1-B251-23165165D54B}.Debug|Any CPU.ActiveCfg = Debug|Any CPU
		{80B720E4-D807-49F1-B251-23165165D54B}.Debug|Any CPU.Build.0 = Debug|Any CPU
		{80B720E4-D807-49F1-B251-23165165D54B}.Release|Any CPU.ActiveCfg = Release|Any CPU
		{80B720E4-D807-49F1-B251-23165165D54B}.Release|Any CPU.Build.0 = Release|Any CPU
	EndGlobalSection
	GlobalSection(SolutionProperties) = preSolution
		HideSolutionNode = FALSE
	EndGlobalSection
	GlobalSection(ExtensibilityGlobals) = postSolution
		SolutionGuid = {72D5E757-FBF8-4A60-8CA6-A9185199A87F}
	EndGlobalSection
EndGlobal
